
Microsoft Visual Studio Solution File, Format Version 12.00
# Visual Studio Version 16
VisualStudioVersion = 16.0.29306.81
MinimumVisualStudioVersion = 10.0.40219.1
Project("{9A19103F-16F7-4668-BE54-9A1E7A4F7556}") = "OdeToFood", "OdeToFood\OdeToFood.csproj", "{3AE704D7-8E3F-4DDB-8CE2-4D2D02517B84}"
EndProject
Project("{FAE04EC0-301F-11D3-BF4B-00C04F79EFBC}") = "OdeToFood.core", "OdeToFood.core\OdeToFood.core.csproj", "{C8970A5C-2510-4672-842F-B9C762A1AE4C}"
EndProject
Project("{FAE04EC0-301F-11D3-BF4B-00C04F79EFBC}") = "odeTToFood.Data", "odeTToFood.Data\odeTToFood.Data.csproj", "{F13CEECE-8A7D-4A04-8BE0-0C4F5DE94D37}"
EndProject
Global
	GlobalSection(SolutionConfigurationPlatforms) = preSolution
		Debug|Any CPU = Debug|Any CPU
		Release|Any CPU = Release|Any CPU
	EndGlobalSection
	GlobalSection(ProjectConfigurationPlatforms) = postSolution
		{3AE704D7-8E3F-4DDB-8CE2-4D2D02517B84}.Debug|Any CPU.ActiveCfg = Debug|Any CPU
		{3AE704D7-8E3F-4DDB-8CE2-4D2D02517B84}.Debug|Any CPU.Build.0 = Debug|Any CPU
		{3AE704D7-8E3F-4DDB-8CE2-4D2D02517B84}.Release|Any CPU.ActiveCfg = Release|Any CPU
		{3AE704D7-8E3F-4DDB-8CE2-4D2D02517B84}.Release|Any CPU.Build.0 = Release|Any CPU
		{C8970A5C-2510-4672-842F-B9C762A1AE4C}.Debug|Any CPU.ActiveCfg = Debug|Any CPU
		{C8970A5C-2510-4672-842F-B9C762A1AE4C}.Debug|Any CPU.Build.0 = Debug|Any CPU
		{C8970A5C-2510-4672-842F-B9C762A1AE4C}.Release|Any CPU.ActiveCfg = Release|Any CPU
		{C8970A5C-2510-4672-842F-B9C762A1AE4C}.Release|Any CPU.Build.0 = Release|Any CPU
		{F13CEECE-8A7D-4A04-8BE0-0C4F5DE94D37}.Debug|Any CPU.ActiveCfg = Debug|Any CPU
		{F13CEECE-8A7D-4A04-8BE0-0C4F5DE94D37}.Debug|Any CPU.Build.0 = Debug|Any CPU
		{F13CEECE-8A7D-4A04-8BE0-0C4F5DE94D37}.Release|Any CPU.ActiveCfg = Release|Any CPU
		{F13CEECE-8A7D-4A04-8BE0-0C4F5DE94D37}.Release|Any CPU.Build.0 = Release|Any CPU
	EndGlobalSection
	GlobalSection(SolutionProperties) = preSolution
		HideSolutionNode = FALSE
	EndGlobalSection
	GlobalSection(ExtensibilityGlobals) = postSolution
		SolutionGuid = {74E715E4-966A-495D-B12E-229B46787A82}
	EndGlobalSection
EndGlobal
