
Microsoft Visual Studio Solution File, Format Version 12.00
# Visual Studio Version 16
VisualStudioVersion = 16.0.29306.81
MinimumVisualStudioVersion = 10.0.40219.1
Project("{FAE04EC0-301F-11D3-BF4B-00C04F79EFBC}") = "OdeToFood.Web", "OdeToFood.Web\OdeToFood.Web.csproj", "{9F15B52C-71CF-43A9-9F7E-3A1A8A94D6E2}"
EndProject
Project("{FAE04EC0-301F-11D3-BF4B-00C04F79EFBC}") = "OdeToFood.Data", "OdeToFood.Data\OdeToFood.Data.csproj", "{A17AB5FE-F376-4545-9AA3-E24D489ED813}"
EndProject
Global
	GlobalSection(SolutionConfigurationPlatforms) = preSolution
		Debug|Any CPU = Debug|Any CPU
		Release|Any CPU = Release|Any CPU
	EndGlobalSection
	GlobalSection(ProjectConfigurationPlatforms) = postSolution
		{9F15B52C-71CF-43A9-9F7E-3A1A8A94D6E2}.Debug|Any CPU.ActiveCfg = Debug|Any CPU
		{9F15B52C-71CF-43A9-9F7E-3A1A8A94D6E2}.Debug|Any CPU.Build.0 = Debug|Any CPU
		{9F15B52C-71CF-43A9-9F7E-3A1A8A94D6E2}.Release|Any CPU.ActiveCfg = Release|Any CPU
		{9F15B52C-71CF-43A9-9F7E-3A1A8A94D6E2}.Release|Any CPU.Build.0 = Release|Any CPU
		{A17AB5FE-F376-4545-9AA3-E24D489ED813}.Debug|Any CPU.ActiveCfg = Debug|Any CPU
		{A17AB5FE-F376-4545-9AA3-E24D489ED813}.Debug|Any CPU.Build.0 = Debug|Any CPU
		{A17AB5FE-F376-4545-9AA3-E24D489ED813}.Release|Any CPU.ActiveCfg = Release|Any CPU
		{A17AB5FE-F376-4545-9AA3-E24D489ED813}.Release|Any CPU.Build.0 = Release|Any CPU
	EndGlobalSection
	GlobalSection(SolutionProperties) = preSolution
		HideSolutionNode = FALSE
	EndGlobalSection
	GlobalSection(ExtensibilityGlobals) = postSolution
		SolutionGuid = {932AAE88-7D16-4F17-80E2-9CBFBF4FB835}
	EndGlobalSection
EndGlobal
